
Microsoft Visual Studio Solution File, Format Version 12.00
# Visual Studio 15
VisualStudioVersion = 15.0.26730.16
MinimumVisualStudioVersion = 10.0.40219.1
Project("{FAE04EC0-301F-11D3-BF4B-00C04F79EFBC}") = "HeadFirstDesignPatternsChapter2", "HeadFirstDesignPatternsChapter2\HeadFirstDesignPatternsChapter2.csproj", "{44CC12D2-3320-4571-B522-0CBD1CE1CB18}"
EndProject
Project("{FAE04EC0-301F-11D3-BF4B-00C04F79EFBC}") = "Chapter 3", "Chapter 3\Chapter 3.csproj", "{920043DB-8FC6-4B11-9B7D-3BCC15F51804}"
EndProject
Global
	GlobalSection(SolutionConfigurationPlatforms) = preSolution
		Debug|Any CPU = Debug|Any CPU
		Release|Any CPU = Release|Any CPU
	EndGlobalSection
	GlobalSection(ProjectConfigurationPlatforms) = postSolution
		{44CC12D2-3320-4571-B522-0CBD1CE1CB18}.Debug|Any CPU.ActiveCfg = Debug|Any CPU
		{44CC12D2-3320-4571-B522-0CBD1CE1CB18}.Debug|Any CPU.Build.0 = Debug|Any CPU
		{44CC12D2-3320-4571-B522-0CBD1CE1CB18}.Release|Any CPU.ActiveCfg = Release|Any CPU
		{44CC12D2-3320-4571-B522-0CBD1CE1CB18}.Release|Any CPU.Build.0 = Release|Any CPU
		{920043DB-8FC6-4B11-9B7D-3BCC15F51804}.Debug|Any CPU.ActiveCfg = Debug|Any CPU
		{920043DB-8FC6-4B11-9B7D-3BCC15F51804}.Debug|Any CPU.Build.0 = Debug|Any CPU
		{920043DB-8FC6-4B11-9B7D-3BCC15F51804}.Release|Any CPU.ActiveCfg = Release|Any CPU
		{920043DB-8FC6-4B11-9B7D-3BCC15F51804}.Release|Any CPU.Build.0 = Release|Any CPU
	EndGlobalSection
	GlobalSection(SolutionProperties) = preSolution
		HideSolutionNode = FALSE
	EndGlobalSection
	GlobalSection(ExtensibilityGlobals) = postSolution
		SolutionGuid = {7BCBAFE4-EEC3-4CDE-B428-DC3A8FDD30D9}
	EndGlobalSection
EndGlobal
